
Microsoft Visual Studio Solution File, Format Version 12.00
# Visual Studio Version 17
VisualStudioVersion = 17.4.33213.308
MinimumVisualStudioVersion = 10.0.40219.1
Project("{2150E333-8FDC-42A3-9474-1A3956D46DE8}") = "BookingService", "BookingService", "{1D33335F-ADFE-451C-B208-E25BAE2A59D0}"
EndProject
Project("{2150E333-8FDC-42A3-9474-1A3956D46DE8}") = "PaymentService", "PaymentService", "{D1FCC3D1-5650-4F52-A480-2F0C075A7C9A}"
EndProject
Project("{2150E333-8FDC-42A3-9474-1A3956D46DE8}") = "Core", "Core", "{0EE27772-DAEB-4C0F-A3AF-6353EC75CF41}"
EndProject
Project("{2150E333-8FDC-42A3-9474-1A3956D46DE8}") = "Domain", "Domain", "{076D1F15-5D6A-49D0-BE08-48B1C74DE8E1}"
EndProject
Project("{2150E333-8FDC-42A3-9474-1A3956D46DE8}") = "Application", "Application", "{A675EFA0-AFDA-4BBE-9E5C-CFDB8803FC89}"
EndProject
Project("{2150E333-8FDC-42A3-9474-1A3956D46DE8}") = "Adapters", "Adapters", "{DC7327E3-2F61-4989-B321-4ABF879B1BDA}"
EndProject
Project("{2150E333-8FDC-42A3-9474-1A3956D46DE8}") = "Consumers", "Consumers", "{1AA15AF8-E15E-4BB5-9094-D89CA4DD1447}"
EndProject
Project("{2150E333-8FDC-42A3-9474-1A3956D46DE8}") = "Tests", "Tests", "{03EF9A90-7ABE-4324-803C-4E48AC8FF1CB}"
EndProject
Project("{2150E333-8FDC-42A3-9474-1A3956D46DE8}") = "Domain", "Domain", "{1F51E629-61F0-421A-8019-EA6A01C8E323}"
EndProject
Project("{2150E333-8FDC-42A3-9474-1A3956D46DE8}") = "Application", "Application", "{CBDF2A3A-F2A9-45E5-B4FD-8D866D2814C9}"
EndProject
Project("{2150E333-8FDC-42A3-9474-1A3956D46DE8}") = "Adapters", "Adapters", "{009A9F2F-AFA3-40D4-87C8-AF5A90DC1092}"
EndProject
Project("{9A19103F-16F7-4668-BE54-9A1E7A4F7556}") = "DomainTests", "BookingService\Tests\Domain\DomainTests\DomainTests.csproj", "{9977DD20-CC6B-4160-96A8-543394FD52A5}"
EndProject
Project("{9A19103F-16F7-4668-BE54-9A1E7A4F7556}") = "ApplicationTests", "BookingService\Tests\Application\ApplicationTests\ApplicationTests.csproj", "{D4A3BDA4-C157-4867-B4D0-3939958DE183}"
EndProject
Project("{9A19103F-16F7-4668-BE54-9A1E7A4F7556}") = "AdaptersTests", "BookingService\Tests\Adapters\AdaptersTests\AdaptersTests.csproj", "{DFA7BC5D-AD87-47A5-B637-D8D157BC986D}"
EndProject
Project("{9A19103F-16F7-4668-BE54-9A1E7A4F7556}") = "API", "BookingService\Consumers\API\API.csproj", "{502E37FC-4E5D-4264-A3D8-22B32CBBF83B}"
EndProject
Project("{9A19103F-16F7-4668-BE54-9A1E7A4F7556}") = "Data", "BookingService\Adapters\Data\Data.csproj", "{9BCF1FB2-CF21-40F5-95C6-B9BBCDF69B2D}"
EndProject
Project("{FAE04EC0-301F-11D3-BF4B-00C04F79EFBC}") = "Domain", "BookingService\Core\Domain\Domain\Domain.csproj", "{B6269972-7799-4EDD-AF38-4AC10D79F4B1}"
EndProject
Project("{FAE04EC0-301F-11D3-BF4B-00C04F79EFBC}") = "Application", "BookingService\Core\Application\Application\Application.csproj", "{5DB25C91-32C8-4CA5-BA69-76E22D1854CF}"
EndProject
Global
	GlobalSection(SolutionConfigurationPlatforms) = preSolution
		Debug|Any CPU = Debug|Any CPU
		Release|Any CPU = Release|Any CPU
	EndGlobalSection
	GlobalSection(ProjectConfigurationPlatforms) = postSolution
		{9977DD20-CC6B-4160-96A8-543394FD52A5}.Debug|Any CPU.ActiveCfg = Debug|Any CPU
		{9977DD20-CC6B-4160-96A8-543394FD52A5}.Debug|Any CPU.Build.0 = Debug|Any CPU
		{9977DD20-CC6B-4160-96A8-543394FD52A5}.Release|Any CPU.ActiveCfg = Release|Any CPU
		{9977DD20-CC6B-4160-96A8-543394FD52A5}.Release|Any CPU.Build.0 = Release|Any CPU
		{D4A3BDA4-C157-4867-B4D0-3939958DE183}.Debug|Any CPU.ActiveCfg = Debug|Any CPU
		{D4A3BDA4-C157-4867-B4D0-3939958DE183}.Debug|Any CPU.Build.0 = Debug|Any CPU
		{D4A3BDA4-C157-4867-B4D0-3939958DE183}.Release|Any CPU.ActiveCfg = Release|Any CPU
		{D4A3BDA4-C157-4867-B4D0-3939958DE183}.Release|Any CPU.Build.0 = Release|Any CPU
		{DFA7BC5D-AD87-47A5-B637-D8D157BC986D}.Debug|Any CPU.ActiveCfg = Debug|Any CPU
		{DFA7BC5D-AD87-47A5-B637-D8D157BC986D}.Debug|Any CPU.Build.0 = Debug|Any CPU
		{DFA7BC5D-AD87-47A5-B637-D8D157BC986D}.Release|Any CPU.ActiveCfg = Release|Any CPU
		{DFA7BC5D-AD87-47A5-B637-D8D157BC986D}.Release|Any CPU.Build.0 = Release|Any CPU
		{502E37FC-4E5D-4264-A3D8-22B32CBBF83B}.Debug|Any CPU.ActiveCfg = Debug|Any CPU
		{502E37FC-4E5D-4264-A3D8-22B32CBBF83B}.Debug|Any CPU.Build.0 = Debug|Any CPU
		{502E37FC-4E5D-4264-A3D8-22B32CBBF83B}.Release|Any CPU.ActiveCfg = Release|Any CPU
		{502E37FC-4E5D-4264-A3D8-22B32CBBF83B}.Release|Any CPU.Build.0 = Release|Any CPU
		{9BCF1FB2-CF21-40F5-95C6-B9BBCDF69B2D}.Debug|Any CPU.ActiveCfg = Debug|Any CPU
		{9BCF1FB2-CF21-40F5-95C6-B9BBCDF69B2D}.Debug|Any CPU.Build.0 = Debug|Any CPU
		{9BCF1FB2-CF21-40F5-95C6-B9BBCDF69B2D}.Release|Any CPU.ActiveCfg = Release|Any CPU
		{9BCF1FB2-CF21-40F5-95C6-B9BBCDF69B2D}.Release|Any CPU.Build.0 = Release|Any CPU
		{B6269972-7799-4EDD-AF38-4AC10D79F4B1}.Debug|Any CPU.ActiveCfg = Debug|Any CPU
		{B6269972-7799-4EDD-AF38-4AC10D79F4B1}.Debug|Any CPU.Build.0 = Debug|Any CPU
		{B6269972-7799-4EDD-AF38-4AC10D79F4B1}.Release|Any CPU.ActiveCfg = Release|Any CPU
		{B6269972-7799-4EDD-AF38-4AC10D79F4B1}.Release|Any CPU.Build.0 = Release|Any CPU
		{5DB25C91-32C8-4CA5-BA69-76E22D1854CF}.Debug|Any CPU.ActiveCfg = Debug|Any CPU
		{5DB25C91-32C8-4CA5-BA69-76E22D1854CF}.Debug|Any CPU.Build.0 = Debug|Any CPU
		{5DB25C91-32C8-4CA5-BA69-76E22D1854CF}.Release|Any CPU.ActiveCfg = Release|Any CPU
		{5DB25C91-32C8-4CA5-BA69-76E22D1854CF}.Release|Any CPU.Build.0 = Release|Any CPU
	EndGlobalSection
	GlobalSection(SolutionProperties) = preSolution
		HideSolutionNode = FALSE
	EndGlobalSection
	GlobalSection(NestedProjects) = preSolution
		{0EE27772-DAEB-4C0F-A3AF-6353EC75CF41} = {1D33335F-ADFE-451C-B208-E25BAE2A59D0}
		{076D1F15-5D6A-49D0-BE08-48B1C74DE8E1} = {0EE27772-DAEB-4C0F-A3AF-6353EC75CF41}
		{A675EFA0-AFDA-4BBE-9E5C-CFDB8803FC89} = {0EE27772-DAEB-4C0F-A3AF-6353EC75CF41}
		{DC7327E3-2F61-4989-B321-4ABF879B1BDA} = {1D33335F-ADFE-451C-B208-E25BAE2A59D0}
		{1AA15AF8-E15E-4BB5-9094-D89CA4DD1447} = {1D33335F-ADFE-451C-B208-E25BAE2A59D0}
		{03EF9A90-7ABE-4324-803C-4E48AC8FF1CB} = {1D33335F-ADFE-451C-B208-E25BAE2A59D0}
		{1F51E629-61F0-421A-8019-EA6A01C8E323} = {03EF9A90-7ABE-4324-803C-4E48AC8FF1CB}
		{CBDF2A3A-F2A9-45E5-B4FD-8D866D2814C9} = {03EF9A90-7ABE-4324-803C-4E48AC8FF1CB}
		{009A9F2F-AFA3-40D4-87C8-AF5A90DC1092} = {03EF9A90-7ABE-4324-803C-4E48AC8FF1CB}
		{9977DD20-CC6B-4160-96A8-543394FD52A5} = {1F51E629-61F0-421A-8019-EA6A01C8E323}
		{D4A3BDA4-C157-4867-B4D0-3939958DE183} = {CBDF2A3A-F2A9-45E5-B4FD-8D866D2814C9}
		{DFA7BC5D-AD87-47A5-B637-D8D157BC986D} = {009A9F2F-AFA3-40D4-87C8-AF5A90DC1092}
		{502E37FC-4E5D-4264-A3D8-22B32CBBF83B} = {1AA15AF8-E15E-4BB5-9094-D89CA4DD1447}
		{9BCF1FB2-CF21-40F5-95C6-B9BBCDF69B2D} = {DC7327E3-2F61-4989-B321-4ABF879B1BDA}
		{B6269972-7799-4EDD-AF38-4AC10D79F4B1} = {076D1F15-5D6A-49D0-BE08-48B1C74DE8E1}
		{5DB25C91-32C8-4CA5-BA69-76E22D1854CF} = {A675EFA0-AFDA-4BBE-9E5C-CFDB8803FC89}
	EndGlobalSection
	GlobalSection(ExtensibilityGlobals) = postSolution
		SolutionGuid = {1A6342C0-00A5-494D-8CF2-2BEF89526433}
	EndGlobalSection
EndGlobal
